
Microsoft Visual Studio Solution File, Format Version 12.00
# Visual Studio Version 16
VisualStudioVersion = 16.0.29728.190
MinimumVisualStudioVersion = 10.0.40219.1
Project("{FAE04EC0-301F-11D3-BF4B-00C04F79EFBC}") = "ReefSurvey", "ReefSurvey\ReefSurvey.csproj", "{1D67D997-13B3-4AA3-A51C-03B5645C318A}"
EndProject
Global
	GlobalSection(SolutionConfigurationPlatforms) = preSolution
		Debug|Any CPU = Debug|Any CPU
		Release|Any CPU = Release|Any CPU
	EndGlobalSection
	GlobalSection(ProjectConfigurationPlatforms) = postSolution
		{1D67D997-13B3-4AA3-A51C-03B5645C318A}.Debug|Any CPU.ActiveCfg = Debug|Any CPU
		{1D67D997-13B3-4AA3-A51C-03B5645C318A}.Debug|Any CPU.Build.0 = Debug|Any CPU
		{1D67D997-13B3-4AA3-A51C-03B5645C318A}.Release|Any CPU.ActiveCfg = Release|Any CPU
		{1D67D997-13B3-4AA3-A51C-03B5645C318A}.Release|Any CPU.Build.0 = Release|Any CPU
	EndGlobalSection
	GlobalSection(SolutionProperties) = preSolution
		HideSolutionNode = FALSE
	EndGlobalSection
	GlobalSection(ExtensibilityGlobals) = postSolution
		SolutionGuid = {2EFCEAE5-34AA-4C14-8062-A3163825D306}
	EndGlobalSection
EndGlobal
